{
    "name": "tsl-apple-cloudkit",
    "version": "0.2.30",
    "lockfileVersion": 3,
    "requires": true,
    "packages": {
        "": {
            "name": "tsl-apple-cloudkit",
            "version": "0.2.30",
            "hasInstallScript": true,
            "license": "MIT",
            "devDependencies": {
                "@types/node": "~16.0.3",
                "typescript": "~3.9.10"
            },
            "engines": {
                "node": ">=16.0.0"
            },
            "peerDependencies": {
                "typescript": ">=3.0.0"
            }
        },
        "node_modules/@types/node": {
            "version": "16.0.3",
            "resolved": "https://registry.npmjs.org/@types/node/-/node-16.0.3.tgz",
            "integrity": "sha512-QhhSbE1wJMbh+lDsb9G6UFmyojhEgoO7dFVDBkli80sp3sPFojGh6TJXsht9Qbe2VWi91pbj08+1Kvue61RwsQ==",
            "dev": true
        },
        "node_modules/typescript": {
            "version": "3.9.10",
            "resolved": "https://registry.npmjs.org/typescript/-/typescript-3.9.10.tgz",
            "integrity": "sha512-w6fIxVE/H1PkLKcCPsFqKE7Kv7QUwhU8qQY2MueZXWx5cPZdwFupLgKK3vntcK98BtNHZtAF4LA/yl2a7k8R6Q==",
            "dev": true,
            "bin": {
                "tsc": "bin/tsc",
                "tsserver": "bin/tsserver"
            },
            "engines": {
                "node": ">=4.2.0"
            }
        }
    }
}
